<?xml version="1.0" encoding="utf-8"?>
<Project ToolsVersion="4.0" xmlns="http://schemas.microsoft.com/developer/msbuild/2003">
  <ItemGroup>
    <Filter Include="Vendor">
      <UniqueIdentifier>{935FDCD7-7F01-07AE-68BC-1A0254FD8DFE}</UniqueIdentifier>
    </Filter>
    <Filter Include="Vendor\glad">
      <UniqueIdentifier>{7AE6E215-E69B-5B0B-6F90-55E2DB44520F}</UniqueIdentifier>
    </Filter>
    <Filter Include="Vendor\stb_image">
      <UniqueIdentifier>{EDE315D3-D9DC-3425-020F-1AAAEE661431}</UniqueIdentifier>
    </Filter>
  </ItemGroup>
  <ItemGroup>
    <ClInclude Include="..\Vendor\stb_image\stb_image.h">
      <Filter>Vendor\stb_image</Filter>
    </ClInclude>
    <ClInclude Include="vxpch.h" />
    <ClInclude Include="Voxitol\Display\Window.h" />
    <ClInclude Include="Voxitol\Core\Application.h" />
    <ClInclude Include="Voxitol\Core\Time.h" />
  </ItemGroup>
  <ItemGroup>
    <ClCompile Include="..\Vendor\glad\glad.c">
      <Filter>Vendor\glad</Filter>
    </ClCompile>
    <ClCompile Include="..\Vendor\stb_image\stb_image.cpp">
      <Filter>Vendor\stb_image</Filter>
    </ClCompile>
    <ClCompile Include="VoxitolMain.cpp" />
    <ClCompile Include="vxpch.cpp" />
    <ClCompile Include="Voxitol\Display\Window.cpp" />
    <ClCompile Include="Voxitol\Core\Application.cpp" />
  </ItemGroup>
</Project>